
Microsoft Visual Studio Solution File, Format Version 12.00
# Visual Studio Version 16
VisualStudioVersion = 16.0.29806.167
MinimumVisualStudioVersion = 10.0.40219.1
Project("{FAE04EC0-301F-11D3-BF4B-00C04F79EFBC}") = "Loja", "Loja\Loja.csproj", "{87ECD147-1337-4A67-9288-BFD369AE6A5E}"
EndProject
Global
	GlobalSection(SolutionConfigurationPlatforms) = preSolution
		Debug|Any CPU = Debug|Any CPU
		Release|Any CPU = Release|Any CPU
	EndGlobalSection
	GlobalSection(ProjectConfigurationPlatforms) = postSolution
		{87ECD147-1337-4A67-9288-BFD369AE6A5E}.Debug|Any CPU.ActiveCfg = Debug|Any CPU
		{87ECD147-1337-4A67-9288-BFD369AE6A5E}.Debug|Any CPU.Build.0 = Debug|Any CPU
		{87ECD147-1337-4A67-9288-BFD369AE6A5E}.Release|Any CPU.ActiveCfg = Release|Any CPU
		{87ECD147-1337-4A67-9288-BFD369AE6A5E}.Release|Any CPU.Build.0 = Release|Any CPU
	EndGlobalSection
	GlobalSection(SolutionProperties) = preSolution
		HideSolutionNode = FALSE
	EndGlobalSection
	GlobalSection(ExtensibilityGlobals) = postSolution
		SolutionGuid = {23BCD0F8-4C77-46B1-85A8-84FF4AC7AB46}
	EndGlobalSection
EndGlobal
